
Microsoft Visual Studio Solution File, Format Version 12.00
# Visual Studio Version 16
VisualStudioVersion = 16.0.29519.87
MinimumVisualStudioVersion = 10.0.40219.1
Project("{8BC9CEB8-8B4A-11D0-8D11-00A0C91BC942}") = "FirstArduinoProject", "FirstArduinoProject\FirstArduinoProject.vcxproj", "{C5F80730-F44F-4478-BDAE-6634EFC2CA88}"
EndProject
Project("{8BC9CEB8-8B4A-11D0-8D11-00A0C91BC942}") = "ArduinoBluetoothCmdTests", "..\ArduinoBluetoothCmdTests\ArduinoBluetoothCmdTests.vcxproj", "{372A959C-0EFE-43D0-8E80-D07B36D76AF6}"
EndProject
Project("{8BC9CEB8-8B4A-11D0-8D11-00A0C91BC942}") = "ArduinoBluetoothDataTests", "..\ArduinoBluetoothDataTests\ArduinoBluetoothDataTests.vcxproj", "{29A56A4B-51C9-49DE-8D95-B4B9E8544ADB}"
EndProject
Project("{8BC9CEB8-8B4A-11D0-8D11-00A0C91BC942}") = "ArduinoTestCTCModeTimerBlink", "..\ArduinoTestCTCModeTimerBlink\ArduinoTestCTCModeTimerBlink.vcxproj", "{4C7584AD-8D92-4C94-9C29-A324597A912C}"
EndProject
Project("{8BC9CEB8-8B4A-11D0-8D11-00A0C91BC942}") = "ArduinoTestTimerOverflowInterupt", "..\ArduinoTestTimerOverflowInterupt\ArduinoTestTimerOverflowInterupt.vcxproj", "{6AE5BA43-8FBE-4E0A-AB40-60C405E391AB}"
EndProject
Project("{8BC9CEB8-8B4A-11D0-8D11-00A0C91BC942}") = "ArduinoTestEncodeExample", "..\ArduinoTestEncodeExample\ArduinoTestEncodeExample.vcxproj", "{1594098B-1C1F-444B-A370-64AF7F2C0CA2}"
EndProject
Project("{8BC9CEB8-8B4A-11D0-8D11-00A0C91BC942}") = "ArduinoTestIntTaskSemSync", "..\ArduinoTestIntTaskSemSync\ArduinoTestIntTaskSemSync.vcxproj", "{CB82DBD8-EF15-4EA2-967B-B8986C0065CC}"
EndProject
Project("{8BC9CEB8-8B4A-11D0-8D11-00A0C91BC942}") = "ArduinoEthernetShieldTests", "..\ArduinoEthernetShieldTests\ArduinoEthernetShieldTests.vcxproj", "{DF73D413-A598-4108-9C43-FF4879DEDB02}"
EndProject
Project("{8BC9CEB8-8B4A-11D0-8D11-00A0C91BC942}") = "ArduinoSDCardInfo", "ArduinoSDCard\ArduinoSDCard.vcxproj", "{CB456D1F-E48F-4D2B-A12D-BF0A81CE33E4}"
EndProject
Project("{8BC9CEB8-8B4A-11D0-8D11-00A0C91BC942}") = "ArduinoSDCardReadWrite", "ArduinoSDCardReadWrite\ArduinoSDCardReadWrite.vcxproj", "{AF17D64D-12E9-4679-98BD-207F699B7D93}"
EndProject
Project("{8BC9CEB8-8B4A-11D0-8D11-00A0C91BC942}") = "ArduinoSDCardBinaryReadWrite", "ArduinoSDCardBinaryReadWrite\ArduinoSDCardBinaryReadWrite.vcxproj", "{A3DA9EA5-6C86-4208-B116-CC033A0E0821}"
EndProject
Project("{8BC9CEB8-8B4A-11D0-8D11-00A0C91BC942}") = "ArduinoFileManager", "ArduinoFileManager\ArduinoFileManager.vcxitems", "{29C2C5FA-31EA-4163-B341-0C4D641CB41B}"
EndProject
Project("{8BC9CEB8-8B4A-11D0-8D11-00A0C91BC942}") = "ArdDbgLogger", "ArdDbgLogger\ArdDbgLogger.vcxitems", "{8A7D6C54-5678-406B-8056-D6D03E67D0A3}"
EndProject
Project("{8BC9CEB8-8B4A-11D0-8D11-00A0C91BC942}") = "ArduinoTestLib", "ArduinoTestLib\ArduinoTestLib.vcxproj", "{BBD43745-D3B6-431F-906A-A8EE4AE4BAC1}"
EndProject
Project("{8BC9CEB8-8B4A-11D0-8D11-00A0C91BC942}") = "ArduinoScratch", "ArduinoScratch\ArduinoScratch.vcxproj", "{2597188B-4339-41AB-A89A-C12024E17A3A}"
EndProject
Project("{8BC9CEB8-8B4A-11D0-8D11-00A0C91BC942}") = "GoogleTestBench", "GoogleTestBench\GoogleTestBench.vcxproj", "{09521103-22E5-4E7C-AF78-7FDCA1BBEC3B}"
EndProject
Project("{8BC9CEB8-8B4A-11D0-8D11-00A0C91BC942}") = "NativeTestBench", "NativeTestBench\NativeTestBench.vcxproj", "{EC61A79A-9AF6-49E4-8A3B-C8C5AB8C3E36}"
EndProject
Project("{8BC9CEB8-8B4A-11D0-8D11-00A0C91BC942}") = "ArduinoBLE", "ArduinoBLE\ArduinoBLE.vcxproj", "{D3CC7390-A4FA-41AC-A322-A3110D1D293C}"
EndProject
Project("{8BC9CEB8-8B4A-11D0-8D11-00A0C91BC942}") = "CheckFirmwareVersion", "C:\Users\Michael\Documents\Arduino\My Examples\CheckFirmwareVersion\CheckFirmwareVersion.vcxproj", "{E20317F8-CC99-4F1C-9A28-E7596509853C}"
EndProject
Project("{8BC9CEB8-8B4A-11D0-8D11-00A0C91BC942}") = "WiFiNINA-1.4.0", "C:\Users\Michael\Documents\Arduino\libraries\WiFiNINA\WiFiNINA-1.4.0.vcxitems", "{1573B6EC-6454-4AEE-A383-631E65B71261}"
EndProject
Project("{8BC9CEB8-8B4A-11D0-8D11-00A0C91BC942}") = "ArduinoBLESerial", "ArduinoBLESerial\ArduinoBLESerial.vcxproj", "{1A2EF82F-6F49-4048-953F-3D2A272C2733}"
EndProject
Project("{8BC9CEB8-8B4A-11D0-8D11-00A0C91BC942}") = "ArduinoWifi", "ArduinoWifi\ArduinoWifi.vcxproj", "{2C988024-B820-44B8-BC1A-BE48CD4CA306}"
EndProject
Project("{8BC9CEB8-8B4A-11D0-8D11-00A0C91BC942}") = "ArduinoUSB", "ArduinoUSB\ArduinoUSB.vcxproj", "{76432CD9-AE76-4193-B808-208A9AD4220A}"
EndProject
Project("{8BC9CEB8-8B4A-11D0-8D11-00A0C91BC942}") = "ArduinoEthernetUDP", "ArduinoEthernet\ArduinoEthernet.vcxproj", "{1D178E62-E1B1-466E-AB57-3BAEC6FD874E}"
EndProject
Project("{8BC9CEB8-8B4A-11D0-8D11-00A0C91BC942}") = "ArduinoEthernetTCP", "ArduinoEthernetTCP\ArduinoEthernetTCP.vcxproj", "{0B3920E5-56EA-460B-B3A5-7AE435960CD6}"
EndProject
Project("{8BC9CEB8-8B4A-11D0-8D11-00A0C91BC942}") = "ArduinoSerial_BT_AT_Cmds", "ArduinoSerial_BT_AT_Cmds\ArduinoSerial_BT_AT_Cmds.vcxproj", "{1BFD4F06-594B-4D58-9DF8-3E78647814B6}"
EndProject
Project("{8BC9CEB8-8B4A-11D0-8D11-00A0C91BC942}") = "ArduinoBLEPeripheral", "ArduinoBLEPeripheral\ArduinoBLEPeripheral.vcxproj", "{D3CC7A39-C944-4CF9-89BF-72157103E7F1}"
EndProject
Project("{8BC9CEB8-8B4A-11D0-8D11-00A0C91BC942}") = "ArduinoUSB2Port", "ArduinoUSB2Port\ArduinoUSB2Port.vcxproj", "{33DD6BDD-B1CD-4441-AB38-08FC4AA966D0}"
EndProject
Project("{8BC9CEB8-8B4A-11D0-8D11-00A0C91BC942}") = "ArduinoBLE-pairing-1.1.3", "C:\Users\Michael\Documents\Arduino\libraries\ArduinoBLE-pairing\ArduinoBLE-pairing-1.1.3.vcxitems", "{ECA7FD37-9940-4F1C-B49F-9E868B4AA758}"
EndProject
Project("{8BC9CEB8-8B4A-11D0-8D11-00A0C91BC942}") = "Arduino_LSM6DS3-1.0.0", "C:\Users\Michael\Documents\Arduino\libraries\Arduino_LSM6DS3\Arduino_LSM6DS3-1.0.0.vcxitems", "{5162F131-ADAF-4F9A-BC00-9F5F2A23D73E}"
EndProject
Project("{8BC9CEB8-8B4A-11D0-8D11-00A0C91BC942}") = "DemoArduinoBLE", "DemoArduinoBLE\DemoArduinoBLE.vcxproj", "{E63DF182-7DFA-49B8-BB29-3D5625215CC0}"
EndProject
Global
	GlobalSection(SharedMSBuildProjectFiles) = preSolution
		C:\Users\Michael\Documents\Arduino\libraries\WiFiNINA\WiFiNINA-1.4.0.vcxitems*{1573b6ec-6454-4aee-a383-631e65b71261}*SharedItemsImports = 9
		C:\Users\Michael\Documents\Arduino\libraries\ArduinoBLE-pairing\ArduinoBLE-pairing-1.1.3.vcxitems*{1a2ef82f-6f49-4048-953f-3d2a272c2733}*SharedItemsImports = 4
		ArduinoFileManager\ArduinoFileManager.vcxitems*{29c2c5fa-31ea-4163-b341-0c4d641cb41b}*SharedItemsImports = 9
		C:\Users\Michael\Documents\Arduino\libraries\WiFiNINA\WiFiNINA-1.4.0.vcxitems*{2c988024-b820-44b8-bc1a-be48cd4ca306}*SharedItemsImports = 4
		C:\Users\Michael\Documents\Arduino\libraries\Arduino_LSM6DS3\Arduino_LSM6DS3-1.0.0.vcxitems*{5162f131-adaf-4f9a-bc00-9f5f2a23d73e}*SharedItemsImports = 9
		ArdDbgLogger\ArdDbgLogger.vcxitems*{8a7d6c54-5678-406b-8056-d6d03e67d0a3}*SharedItemsImports = 9
		ArduinoFileManager\ArduinoFileManager.vcxitems*{a3da9ea5-6c86-4208-b116-cc033a0e0821}*SharedItemsImports = 4
		ArduinoFileManager\ArduinoFileManager.vcxitems*{af17d64d-12e9-4679-98bd-207f699b7d93}*SharedItemsImports = 4
		ArdDbgLogger\ArdDbgLogger.vcxitems*{bbd43745-d3b6-431f-906a-a8ee4ae4bac1}*SharedItemsImports = 4
		C:\Users\Michael\Documents\Arduino\libraries\WiFiNINA\WiFiNINA-1.4.0.vcxitems*{d3cc7390-a4fa-41ac-a322-a3110d1d293c}*SharedItemsImports = 4
		C:\Users\Michael\Documents\Arduino\libraries\ArduinoBLE-pairing\ArduinoBLE-pairing-1.1.3.vcxitems*{eca7fd37-9940-4f1c-b49f-9e868b4aa758}*SharedItemsImports = 9
	EndGlobalSection
	GlobalSection(SolutionConfigurationPlatforms) = preSolution
		Debug|ARM = Debug|ARM
		Debug|ARM64 = Debug|ARM64
		Debug|x64 = Debug|x64
		Debug|x86 = Debug|x86
		Release|ARM = Release|ARM
		Release|ARM64 = Release|ARM64
		Release|x64 = Release|x64
		Release|x86 = Release|x86
	EndGlobalSection
	GlobalSection(ProjectConfigurationPlatforms) = postSolution
		{C5F80730-F44F-4478-BDAE-6634EFC2CA88}.Debug|ARM.ActiveCfg = Debug|Win32
		{C5F80730-F44F-4478-BDAE-6634EFC2CA88}.Debug|ARM64.ActiveCfg = Debug|Win32
		{C5F80730-F44F-4478-BDAE-6634EFC2CA88}.Debug|x64.ActiveCfg = Debug|Win32
		{C5F80730-F44F-4478-BDAE-6634EFC2CA88}.Debug|x86.ActiveCfg = Debug|Win32
		{C5F80730-F44F-4478-BDAE-6634EFC2CA88}.Debug|x86.Build.0 = Debug|Win32
		{C5F80730-F44F-4478-BDAE-6634EFC2CA88}.Release|ARM.ActiveCfg = Release|Win32
		{C5F80730-F44F-4478-BDAE-6634EFC2CA88}.Release|ARM64.ActiveCfg = Release|Win32
		{C5F80730-F44F-4478-BDAE-6634EFC2CA88}.Release|x64.ActiveCfg = Release|Win32
		{C5F80730-F44F-4478-BDAE-6634EFC2CA88}.Release|x86.ActiveCfg = Release|Win32
		{C5F80730-F44F-4478-BDAE-6634EFC2CA88}.Release|x86.Build.0 = Release|Win32
		{372A959C-0EFE-43D0-8E80-D07B36D76AF6}.Debug|ARM.ActiveCfg = Debug|Win32
		{372A959C-0EFE-43D0-8E80-D07B36D76AF6}.Debug|ARM64.ActiveCfg = Debug|Win32
		{372A959C-0EFE-43D0-8E80-D07B36D76AF6}.Debug|x64.ActiveCfg = Debug|Win32
		{372A959C-0EFE-43D0-8E80-D07B36D76AF6}.Debug|x86.ActiveCfg = Debug|Win32
		{372A959C-0EFE-43D0-8E80-D07B36D76AF6}.Debug|x86.Build.0 = Debug|Win32
		{372A959C-0EFE-43D0-8E80-D07B36D76AF6}.Release|ARM.ActiveCfg = Release|Win32
		{372A959C-0EFE-43D0-8E80-D07B36D76AF6}.Release|ARM64.ActiveCfg = Release|Win32
		{372A959C-0EFE-43D0-8E80-D07B36D76AF6}.Release|x64.ActiveCfg = Release|Win32
		{372A959C-0EFE-43D0-8E80-D07B36D76AF6}.Release|x86.ActiveCfg = Release|Win32
		{372A959C-0EFE-43D0-8E80-D07B36D76AF6}.Release|x86.Build.0 = Release|Win32
		{29A56A4B-51C9-49DE-8D95-B4B9E8544ADB}.Debug|ARM.ActiveCfg = Debug|Win32
		{29A56A4B-51C9-49DE-8D95-B4B9E8544ADB}.Debug|ARM64.ActiveCfg = Debug|Win32
		{29A56A4B-51C9-49DE-8D95-B4B9E8544ADB}.Debug|x64.ActiveCfg = Debug|Win32
		{29A56A4B-51C9-49DE-8D95-B4B9E8544ADB}.Debug|x86.ActiveCfg = Debug|Win32
		{29A56A4B-51C9-49DE-8D95-B4B9E8544ADB}.Debug|x86.Build.0 = Debug|Win32
		{29A56A4B-51C9-49DE-8D95-B4B9E8544ADB}.Release|ARM.ActiveCfg = Release|Win32
		{29A56A4B-51C9-49DE-8D95-B4B9E8544ADB}.Release|ARM64.ActiveCfg = Release|Win32
		{29A56A4B-51C9-49DE-8D95-B4B9E8544ADB}.Release|x64.ActiveCfg = Release|Win32
		{29A56A4B-51C9-49DE-8D95-B4B9E8544ADB}.Release|x86.ActiveCfg = Release|Win32
		{29A56A4B-51C9-49DE-8D95-B4B9E8544ADB}.Release|x86.Build.0 = Release|Win32
		{4C7584AD-8D92-4C94-9C29-A324597A912C}.Debug|ARM.ActiveCfg = Debug|Win32
		{4C7584AD-8D92-4C94-9C29-A324597A912C}.Debug|ARM64.ActiveCfg = Debug|Win32
		{4C7584AD-8D92-4C94-9C29-A324597A912C}.Debug|x64.ActiveCfg = Debug|Win32
		{4C7584AD-8D92-4C94-9C29-A324597A912C}.Debug|x86.ActiveCfg = Debug|Win32
		{4C7584AD-8D92-4C94-9C29-A324597A912C}.Debug|x86.Build.0 = Debug|Win32
		{4C7584AD-8D92-4C94-9C29-A324597A912C}.Release|ARM.ActiveCfg = Release|Win32
		{4C7584AD-8D92-4C94-9C29-A324597A912C}.Release|ARM64.ActiveCfg = Release|Win32
		{4C7584AD-8D92-4C94-9C29-A324597A912C}.Release|x64.ActiveCfg = Release|Win32
		{4C7584AD-8D92-4C94-9C29-A324597A912C}.Release|x86.ActiveCfg = Release|Win32
		{4C7584AD-8D92-4C94-9C29-A324597A912C}.Release|x86.Build.0 = Release|Win32
		{6AE5BA43-8FBE-4E0A-AB40-60C405E391AB}.Debug|ARM.ActiveCfg = Debug|Win32
		{6AE5BA43-8FBE-4E0A-AB40-60C405E391AB}.Debug|ARM64.ActiveCfg = Debug|Win32
		{6AE5BA43-8FBE-4E0A-AB40-60C405E391AB}.Debug|x64.ActiveCfg = Debug|Win32
		{6AE5BA43-8FBE-4E0A-AB40-60C405E391AB}.Debug|x86.ActiveCfg = Debug|Win32
		{6AE5BA43-8FBE-4E0A-AB40-60C405E391AB}.Debug|x86.Build.0 = Debug|Win32
		{6AE5BA43-8FBE-4E0A-AB40-60C405E391AB}.Release|ARM.ActiveCfg = Release|Win32
		{6AE5BA43-8FBE-4E0A-AB40-60C405E391AB}.Release|ARM64.ActiveCfg = Release|Win32
		{6AE5BA43-8FBE-4E0A-AB40-60C405E391AB}.Release|x64.ActiveCfg = Release|Win32
		{6AE5BA43-8FBE-4E0A-AB40-60C405E391AB}.Release|x86.ActiveCfg = Release|Win32
		{6AE5BA43-8FBE-4E0A-AB40-60C405E391AB}.Release|x86.Build.0 = Release|Win32
		{1594098B-1C1F-444B-A370-64AF7F2C0CA2}.Debug|ARM.ActiveCfg = Debug|Win32
		{1594098B-1C1F-444B-A370-64AF7F2C0CA2}.Debug|ARM64.ActiveCfg = Debug|Win32
		{1594098B-1C1F-444B-A370-64AF7F2C0CA2}.Debug|x64.ActiveCfg = Debug|Win32
		{1594098B-1C1F-444B-A370-64AF7F2C0CA2}.Debug|x86.ActiveCfg = Debug|Win32
		{1594098B-1C1F-444B-A370-64AF7F2C0CA2}.Debug|x86.Build.0 = Debug|Win32
		{1594098B-1C1F-444B-A370-64AF7F2C0CA2}.Release|ARM.ActiveCfg = Release|Win32
		{1594098B-1C1F-444B-A370-64AF7F2C0CA2}.Release|ARM64.ActiveCfg = Release|Win32
		{1594098B-1C1F-444B-A370-64AF7F2C0CA2}.Release|x64.ActiveCfg = Release|Win32
		{1594098B-1C1F-444B-A370-64AF7F2C0CA2}.Release|x86.ActiveCfg = Release|Win32
		{1594098B-1C1F-444B-A370-64AF7F2C0CA2}.Release|x86.Build.0 = Release|Win32
		{CB82DBD8-EF15-4EA2-967B-B8986C0065CC}.Debug|ARM.ActiveCfg = Debug|Win32
		{CB82DBD8-EF15-4EA2-967B-B8986C0065CC}.Debug|ARM64.ActiveCfg = Debug|Win32
		{CB82DBD8-EF15-4EA2-967B-B8986C0065CC}.Debug|x64.ActiveCfg = Debug|Win32
		{CB82DBD8-EF15-4EA2-967B-B8986C0065CC}.Debug|x86.ActiveCfg = Debug|Win32
		{CB82DBD8-EF15-4EA2-967B-B8986C0065CC}.Debug|x86.Build.0 = Debug|Win32
		{CB82DBD8-EF15-4EA2-967B-B8986C0065CC}.Release|ARM.ActiveCfg = Release|Win32
		{CB82DBD8-EF15-4EA2-967B-B8986C0065CC}.Release|ARM64.ActiveCfg = Release|Win32
		{CB82DBD8-EF15-4EA2-967B-B8986C0065CC}.Release|x64.ActiveCfg = Release|Win32
		{CB82DBD8-EF15-4EA2-967B-B8986C0065CC}.Release|x86.ActiveCfg = Release|Win32
		{CB82DBD8-EF15-4EA2-967B-B8986C0065CC}.Release|x86.Build.0 = Release|Win32
		{DF73D413-A598-4108-9C43-FF4879DEDB02}.Debug|ARM.ActiveCfg = Debug|Win32
		{DF73D413-A598-4108-9C43-FF4879DEDB02}.Debug|ARM64.ActiveCfg = Debug|Win32
		{DF73D413-A598-4108-9C43-FF4879DEDB02}.Debug|x64.ActiveCfg = Debug|Win32
		{DF73D413-A598-4108-9C43-FF4879DEDB02}.Debug|x86.ActiveCfg = Debug|Win32
		{DF73D413-A598-4108-9C43-FF4879DEDB02}.Debug|x86.Build.0 = Debug|Win32
		{DF73D413-A598-4108-9C43-FF4879DEDB02}.Release|ARM.ActiveCfg = Release|Win32
		{DF73D413-A598-4108-9C43-FF4879DEDB02}.Release|ARM64.ActiveCfg = Release|Win32
		{DF73D413-A598-4108-9C43-FF4879DEDB02}.Release|x64.ActiveCfg = Release|Win32
		{DF73D413-A598-4108-9C43-FF4879DEDB02}.Release|x86.ActiveCfg = Release|Win32
		{DF73D413-A598-4108-9C43-FF4879DEDB02}.Release|x86.Build.0 = Release|Win32
		{CB456D1F-E48F-4D2B-A12D-BF0A81CE33E4}.Debug|ARM.ActiveCfg = Debug|Win32
		{CB456D1F-E48F-4D2B-A12D-BF0A81CE33E4}.Debug|ARM64.ActiveCfg = Debug|Win32
		{CB456D1F-E48F-4D2B-A12D-BF0A81CE33E4}.Debug|x64.ActiveCfg = Debug|Win32
		{CB456D1F-E48F-4D2B-A12D-BF0A81CE33E4}.Debug|x86.ActiveCfg = Debug|Win32
		{CB456D1F-E48F-4D2B-A12D-BF0A81CE33E4}.Debug|x86.Build.0 = Debug|Win32
		{CB456D1F-E48F-4D2B-A12D-BF0A81CE33E4}.Release|ARM.ActiveCfg = Release|Win32
		{CB456D1F-E48F-4D2B-A12D-BF0A81CE33E4}.Release|ARM64.ActiveCfg = Release|Win32
		{CB456D1F-E48F-4D2B-A12D-BF0A81CE33E4}.Release|x64.ActiveCfg = Release|Win32
		{CB456D1F-E48F-4D2B-A12D-BF0A81CE33E4}.Release|x86.ActiveCfg = Release|Win32
		{CB456D1F-E48F-4D2B-A12D-BF0A81CE33E4}.Release|x86.Build.0 = Release|Win32
		{AF17D64D-12E9-4679-98BD-207F699B7D93}.Debug|ARM.ActiveCfg = Debug|Win32
		{AF17D64D-12E9-4679-98BD-207F699B7D93}.Debug|ARM64.ActiveCfg = Debug|Win32
		{AF17D64D-12E9-4679-98BD-207F699B7D93}.Debug|x64.ActiveCfg = Debug|Win32
		{AF17D64D-12E9-4679-98BD-207F699B7D93}.Debug|x86.ActiveCfg = Debug|Win32
		{AF17D64D-12E9-4679-98BD-207F699B7D93}.Debug|x86.Build.0 = Debug|Win32
		{AF17D64D-12E9-4679-98BD-207F699B7D93}.Release|ARM.ActiveCfg = Release|Win32
		{AF17D64D-12E9-4679-98BD-207F699B7D93}.Release|ARM64.ActiveCfg = Release|Win32
		{AF17D64D-12E9-4679-98BD-207F699B7D93}.Release|x64.ActiveCfg = Release|Win32
		{AF17D64D-12E9-4679-98BD-207F699B7D93}.Release|x86.ActiveCfg = Release|Win32
		{AF17D64D-12E9-4679-98BD-207F699B7D93}.Release|x86.Build.0 = Release|Win32
		{A3DA9EA5-6C86-4208-B116-CC033A0E0821}.Debug|ARM.ActiveCfg = Debug|Win32
		{A3DA9EA5-6C86-4208-B116-CC033A0E0821}.Debug|ARM64.ActiveCfg = Debug|Win32
		{A3DA9EA5-6C86-4208-B116-CC033A0E0821}.Debug|x64.ActiveCfg = Debug|Win32
		{A3DA9EA5-6C86-4208-B116-CC033A0E0821}.Debug|x86.ActiveCfg = Debug|Win32
		{A3DA9EA5-6C86-4208-B116-CC033A0E0821}.Debug|x86.Build.0 = Debug|Win32
		{A3DA9EA5-6C86-4208-B116-CC033A0E0821}.Release|ARM.ActiveCfg = Release|Win32
		{A3DA9EA5-6C86-4208-B116-CC033A0E0821}.Release|ARM64.ActiveCfg = Release|Win32
		{A3DA9EA5-6C86-4208-B116-CC033A0E0821}.Release|x64.ActiveCfg = Release|Win32
		{A3DA9EA5-6C86-4208-B116-CC033A0E0821}.Release|x86.ActiveCfg = Release|Win32
		{A3DA9EA5-6C86-4208-B116-CC033A0E0821}.Release|x86.Build.0 = Release|Win32
		{BBD43745-D3B6-431F-906A-A8EE4AE4BAC1}.Debug|ARM.ActiveCfg = Debug|Win32
		{BBD43745-D3B6-431F-906A-A8EE4AE4BAC1}.Debug|ARM64.ActiveCfg = Debug|Win32
		{BBD43745-D3B6-431F-906A-A8EE4AE4BAC1}.Debug|x64.ActiveCfg = Debug|Win32
		{BBD43745-D3B6-431F-906A-A8EE4AE4BAC1}.Debug|x86.ActiveCfg = Debug|Win32
		{BBD43745-D3B6-431F-906A-A8EE4AE4BAC1}.Debug|x86.Build.0 = Debug|Win32
		{BBD43745-D3B6-431F-906A-A8EE4AE4BAC1}.Release|ARM.ActiveCfg = Release|Win32
		{BBD43745-D3B6-431F-906A-A8EE4AE4BAC1}.Release|ARM64.ActiveCfg = Release|Win32
		{BBD43745-D3B6-431F-906A-A8EE4AE4BAC1}.Release|x64.ActiveCfg = Release|Win32
		{BBD43745-D3B6-431F-906A-A8EE4AE4BAC1}.Release|x86.ActiveCfg = Release|Win32
		{BBD43745-D3B6-431F-906A-A8EE4AE4BAC1}.Release|x86.Build.0 = Release|Win32
		{2597188B-4339-41AB-A89A-C12024E17A3A}.Debug|ARM.ActiveCfg = Debug|Win32
		{2597188B-4339-41AB-A89A-C12024E17A3A}.Debug|ARM64.ActiveCfg = Debug|Win32
		{2597188B-4339-41AB-A89A-C12024E17A3A}.Debug|x64.ActiveCfg = Debug|Win32
		{2597188B-4339-41AB-A89A-C12024E17A3A}.Debug|x86.ActiveCfg = Debug|Win32
		{2597188B-4339-41AB-A89A-C12024E17A3A}.Debug|x86.Build.0 = Debug|Win32
		{2597188B-4339-41AB-A89A-C12024E17A3A}.Release|ARM.ActiveCfg = Release|Win32
		{2597188B-4339-41AB-A89A-C12024E17A3A}.Release|ARM64.ActiveCfg = Release|Win32
		{2597188B-4339-41AB-A89A-C12024E17A3A}.Release|x64.ActiveCfg = Release|Win32
		{2597188B-4339-41AB-A89A-C12024E17A3A}.Release|x86.ActiveCfg = Release|Win32
		{2597188B-4339-41AB-A89A-C12024E17A3A}.Release|x86.Build.0 = Release|Win32
		{09521103-22E5-4E7C-AF78-7FDCA1BBEC3B}.Debug|ARM.ActiveCfg = Debug|Win32
		{09521103-22E5-4E7C-AF78-7FDCA1BBEC3B}.Debug|ARM64.ActiveCfg = Debug|Win32
		{09521103-22E5-4E7C-AF78-7FDCA1BBEC3B}.Debug|x64.ActiveCfg = Debug|x64
		{09521103-22E5-4E7C-AF78-7FDCA1BBEC3B}.Debug|x64.Build.0 = Debug|x64
		{09521103-22E5-4E7C-AF78-7FDCA1BBEC3B}.Debug|x86.ActiveCfg = Debug|Win32
		{09521103-22E5-4E7C-AF78-7FDCA1BBEC3B}.Debug|x86.Build.0 = Debug|Win32
		{09521103-22E5-4E7C-AF78-7FDCA1BBEC3B}.Release|ARM.ActiveCfg = Release|Win32
		{09521103-22E5-4E7C-AF78-7FDCA1BBEC3B}.Release|ARM64.ActiveCfg = Release|Win32
		{09521103-22E5-4E7C-AF78-7FDCA1BBEC3B}.Release|x64.ActiveCfg = Release|x64
		{09521103-22E5-4E7C-AF78-7FDCA1BBEC3B}.Release|x64.Build.0 = Release|x64
		{09521103-22E5-4E7C-AF78-7FDCA1BBEC3B}.Release|x86.ActiveCfg = Release|Win32
		{09521103-22E5-4E7C-AF78-7FDCA1BBEC3B}.Release|x86.Build.0 = Release|Win32
		{EC61A79A-9AF6-49E4-8A3B-C8C5AB8C3E36}.Debug|ARM.ActiveCfg = Debug|Win32
		{EC61A79A-9AF6-49E4-8A3B-C8C5AB8C3E36}.Debug|ARM64.ActiveCfg = Debug|Win32
		{EC61A79A-9AF6-49E4-8A3B-C8C5AB8C3E36}.Debug|x64.ActiveCfg = Debug|x64
		{EC61A79A-9AF6-49E4-8A3B-C8C5AB8C3E36}.Debug|x64.Build.0 = Debug|x64
		{EC61A79A-9AF6-49E4-8A3B-C8C5AB8C3E36}.Debug|x86.ActiveCfg = Debug|Win32
		{EC61A79A-9AF6-49E4-8A3B-C8C5AB8C3E36}.Debug|x86.Build.0 = Debug|Win32
		{EC61A79A-9AF6-49E4-8A3B-C8C5AB8C3E36}.Release|ARM.ActiveCfg = Release|Win32
		{EC61A79A-9AF6-49E4-8A3B-C8C5AB8C3E36}.Release|ARM64.ActiveCfg = Release|Win32
		{EC61A79A-9AF6-49E4-8A3B-C8C5AB8C3E36}.Release|x64.ActiveCfg = Release|x64
		{EC61A79A-9AF6-49E4-8A3B-C8C5AB8C3E36}.Release|x64.Build.0 = Release|x64
		{EC61A79A-9AF6-49E4-8A3B-C8C5AB8C3E36}.Release|x86.ActiveCfg = Release|Win32
		{EC61A79A-9AF6-49E4-8A3B-C8C5AB8C3E36}.Release|x86.Build.0 = Release|Win32
		{D3CC7390-A4FA-41AC-A322-A3110D1D293C}.Debug|ARM.ActiveCfg = Debug|Win32
		{D3CC7390-A4FA-41AC-A322-A3110D1D293C}.Debug|ARM64.ActiveCfg = Debug|Win32
		{D3CC7390-A4FA-41AC-A322-A3110D1D293C}.Debug|x64.ActiveCfg = Debug|Win32
		{D3CC7390-A4FA-41AC-A322-A3110D1D293C}.Debug|x86.ActiveCfg = Debug|Win32
		{D3CC7390-A4FA-41AC-A322-A3110D1D293C}.Debug|x86.Build.0 = Debug|Win32
		{D3CC7390-A4FA-41AC-A322-A3110D1D293C}.Release|ARM.ActiveCfg = Release|Win32
		{D3CC7390-A4FA-41AC-A322-A3110D1D293C}.Release|ARM64.ActiveCfg = Release|Win32
		{D3CC7390-A4FA-41AC-A322-A3110D1D293C}.Release|x64.ActiveCfg = Release|Win32
		{D3CC7390-A4FA-41AC-A322-A3110D1D293C}.Release|x86.ActiveCfg = Release|Win32
		{D3CC7390-A4FA-41AC-A322-A3110D1D293C}.Release|x86.Build.0 = Release|Win32
		{E20317F8-CC99-4F1C-9A28-E7596509853C}.Debug|ARM.ActiveCfg = Debug|Win32
		{E20317F8-CC99-4F1C-9A28-E7596509853C}.Debug|ARM64.ActiveCfg = Debug|Win32
		{E20317F8-CC99-4F1C-9A28-E7596509853C}.Debug|x64.ActiveCfg = Debug|Win32
		{E20317F8-CC99-4F1C-9A28-E7596509853C}.Debug|x86.ActiveCfg = Debug|Win32
		{E20317F8-CC99-4F1C-9A28-E7596509853C}.Debug|x86.Build.0 = Debug|Win32
		{E20317F8-CC99-4F1C-9A28-E7596509853C}.Release|ARM.ActiveCfg = Release|Win32
		{E20317F8-CC99-4F1C-9A28-E7596509853C}.Release|ARM64.ActiveCfg = Release|Win32
		{E20317F8-CC99-4F1C-9A28-E7596509853C}.Release|x64.ActiveCfg = Release|Win32
		{E20317F8-CC99-4F1C-9A28-E7596509853C}.Release|x86.ActiveCfg = Release|Win32
		{E20317F8-CC99-4F1C-9A28-E7596509853C}.Release|x86.Build.0 = Release|Win32
		{1A2EF82F-6F49-4048-953F-3D2A272C2733}.Debug|ARM.ActiveCfg = Debug|Win32
		{1A2EF82F-6F49-4048-953F-3D2A272C2733}.Debug|ARM64.ActiveCfg = Debug|Win32
		{1A2EF82F-6F49-4048-953F-3D2A272C2733}.Debug|x64.ActiveCfg = Debug|Win32
		{1A2EF82F-6F49-4048-953F-3D2A272C2733}.Debug|x86.ActiveCfg = Debug|Win32
		{1A2EF82F-6F49-4048-953F-3D2A272C2733}.Debug|x86.Build.0 = Debug|Win32
		{1A2EF82F-6F49-4048-953F-3D2A272C2733}.Release|ARM.ActiveCfg = Release|Win32
		{1A2EF82F-6F49-4048-953F-3D2A272C2733}.Release|ARM64.ActiveCfg = Release|Win32
		{1A2EF82F-6F49-4048-953F-3D2A272C2733}.Release|x64.ActiveCfg = Release|Win32
		{1A2EF82F-6F49-4048-953F-3D2A272C2733}.Release|x86.ActiveCfg = Release|Win32
		{1A2EF82F-6F49-4048-953F-3D2A272C2733}.Release|x86.Build.0 = Release|Win32
		{2C988024-B820-44B8-BC1A-BE48CD4CA306}.Debug|ARM.ActiveCfg = Debug|Win32
		{2C988024-B820-44B8-BC1A-BE48CD4CA306}.Debug|ARM64.ActiveCfg = Debug|Win32
		{2C988024-B820-44B8-BC1A-BE48CD4CA306}.Debug|x64.ActiveCfg = Debug|Win32
		{2C988024-B820-44B8-BC1A-BE48CD4CA306}.Debug|x86.ActiveCfg = Debug|Win32
		{2C988024-B820-44B8-BC1A-BE48CD4CA306}.Debug|x86.Build.0 = Debug|Win32
		{2C988024-B820-44B8-BC1A-BE48CD4CA306}.Release|ARM.ActiveCfg = Release|Win32
		{2C988024-B820-44B8-BC1A-BE48CD4CA306}.Release|ARM64.ActiveCfg = Release|Win32
		{2C988024-B820-44B8-BC1A-BE48CD4CA306}.Release|x64.ActiveCfg = Release|Win32
		{2C988024-B820-44B8-BC1A-BE48CD4CA306}.Release|x86.ActiveCfg = Release|Win32
		{2C988024-B820-44B8-BC1A-BE48CD4CA306}.Release|x86.Build.0 = Release|Win32
		{76432CD9-AE76-4193-B808-208A9AD4220A}.Debug|ARM.ActiveCfg = Debug|Win32
		{76432CD9-AE76-4193-B808-208A9AD4220A}.Debug|ARM64.ActiveCfg = Debug|Win32
		{76432CD9-AE76-4193-B808-208A9AD4220A}.Debug|x64.ActiveCfg = Debug|Win32
		{76432CD9-AE76-4193-B808-208A9AD4220A}.Debug|x86.ActiveCfg = Debug|Win32
		{76432CD9-AE76-4193-B808-208A9AD4220A}.Debug|x86.Build.0 = Debug|Win32
		{76432CD9-AE76-4193-B808-208A9AD4220A}.Release|ARM.ActiveCfg = Release|Win32
		{76432CD9-AE76-4193-B808-208A9AD4220A}.Release|ARM64.ActiveCfg = Release|Win32
		{76432CD9-AE76-4193-B808-208A9AD4220A}.Release|x64.ActiveCfg = Release|Win32
		{76432CD9-AE76-4193-B808-208A9AD4220A}.Release|x86.ActiveCfg = Release|Win32
		{76432CD9-AE76-4193-B808-208A9AD4220A}.Release|x86.Build.0 = Release|Win32
		{1D178E62-E1B1-466E-AB57-3BAEC6FD874E}.Debug|ARM.ActiveCfg = Debug|Win32
		{1D178E62-E1B1-466E-AB57-3BAEC6FD874E}.Debug|ARM64.ActiveCfg = Debug|Win32
		{1D178E62-E1B1-466E-AB57-3BAEC6FD874E}.Debug|x64.ActiveCfg = Debug|Win32
		{1D178E62-E1B1-466E-AB57-3BAEC6FD874E}.Debug|x86.ActiveCfg = Debug|Win32
		{1D178E62-E1B1-466E-AB57-3BAEC6FD874E}.Debug|x86.Build.0 = Debug|Win32
		{1D178E62-E1B1-466E-AB57-3BAEC6FD874E}.Release|ARM.ActiveCfg = Release|Win32
		{1D178E62-E1B1-466E-AB57-3BAEC6FD874E}.Release|ARM64.ActiveCfg = Release|Win32
		{1D178E62-E1B1-466E-AB57-3BAEC6FD874E}.Release|x64.ActiveCfg = Release|Win32
		{1D178E62-E1B1-466E-AB57-3BAEC6FD874E}.Release|x86.ActiveCfg = Release|Win32
		{1D178E62-E1B1-466E-AB57-3BAEC6FD874E}.Release|x86.Build.0 = Release|Win32
		{0B3920E5-56EA-460B-B3A5-7AE435960CD6}.Debug|ARM.ActiveCfg = Debug|Win32
		{0B3920E5-56EA-460B-B3A5-7AE435960CD6}.Debug|ARM64.ActiveCfg = Debug|Win32
		{0B3920E5-56EA-460B-B3A5-7AE435960CD6}.Debug|x64.ActiveCfg = Debug|Win32
		{0B3920E5-56EA-460B-B3A5-7AE435960CD6}.Debug|x86.ActiveCfg = Debug|Win32
		{0B3920E5-56EA-460B-B3A5-7AE435960CD6}.Debug|x86.Build.0 = Debug|Win32
		{0B3920E5-56EA-460B-B3A5-7AE435960CD6}.Release|ARM.ActiveCfg = Release|Win32
		{0B3920E5-56EA-460B-B3A5-7AE435960CD6}.Release|ARM64.ActiveCfg = Release|Win32
		{0B3920E5-56EA-460B-B3A5-7AE435960CD6}.Release|x64.ActiveCfg = Release|Win32
		{0B3920E5-56EA-460B-B3A5-7AE435960CD6}.Release|x86.ActiveCfg = Release|Win32
		{0B3920E5-56EA-460B-B3A5-7AE435960CD6}.Release|x86.Build.0 = Release|Win32
		{1BFD4F06-594B-4D58-9DF8-3E78647814B6}.Debug|ARM.ActiveCfg = Debug|Win32
		{1BFD4F06-594B-4D58-9DF8-3E78647814B6}.Debug|ARM64.ActiveCfg = Debug|Win32
		{1BFD4F06-594B-4D58-9DF8-3E78647814B6}.Debug|x64.ActiveCfg = Debug|Win32
		{1BFD4F06-594B-4D58-9DF8-3E78647814B6}.Debug|x86.ActiveCfg = Debug|Win32
		{1BFD4F06-594B-4D58-9DF8-3E78647814B6}.Debug|x86.Build.0 = Debug|Win32
		{1BFD4F06-594B-4D58-9DF8-3E78647814B6}.Release|ARM.ActiveCfg = Release|Win32
		{1BFD4F06-594B-4D58-9DF8-3E78647814B6}.Release|ARM64.ActiveCfg = Release|Win32
		{1BFD4F06-594B-4D58-9DF8-3E78647814B6}.Release|x64.ActiveCfg = Release|Win32
		{1BFD4F06-594B-4D58-9DF8-3E78647814B6}.Release|x86.ActiveCfg = Release|Win32
		{1BFD4F06-594B-4D58-9DF8-3E78647814B6}.Release|x86.Build.0 = Release|Win32
		{D3CC7A39-C944-4CF9-89BF-72157103E7F1}.Debug|ARM.ActiveCfg = Debug|Win32
		{D3CC7A39-C944-4CF9-89BF-72157103E7F1}.Debug|ARM64.ActiveCfg = Debug|Win32
		{D3CC7A39-C944-4CF9-89BF-72157103E7F1}.Debug|x64.ActiveCfg = Debug|Win32
		{D3CC7A39-C944-4CF9-89BF-72157103E7F1}.Debug|x86.ActiveCfg = Debug|Win32
		{D3CC7A39-C944-4CF9-89BF-72157103E7F1}.Debug|x86.Build.0 = Debug|Win32
		{D3CC7A39-C944-4CF9-89BF-72157103E7F1}.Release|ARM.ActiveCfg = Release|Win32
		{D3CC7A39-C944-4CF9-89BF-72157103E7F1}.Release|ARM64.ActiveCfg = Release|Win32
		{D3CC7A39-C944-4CF9-89BF-72157103E7F1}.Release|x64.ActiveCfg = Release|Win32
		{D3CC7A39-C944-4CF9-89BF-72157103E7F1}.Release|x86.ActiveCfg = Release|Win32
		{D3CC7A39-C944-4CF9-89BF-72157103E7F1}.Release|x86.Build.0 = Release|Win32
		{33DD6BDD-B1CD-4441-AB38-08FC4AA966D0}.Debug|ARM.ActiveCfg = Debug|Win32
		{33DD6BDD-B1CD-4441-AB38-08FC4AA966D0}.Debug|ARM64.ActiveCfg = Debug|Win32
		{33DD6BDD-B1CD-4441-AB38-08FC4AA966D0}.Debug|x64.ActiveCfg = Debug|Win32
		{33DD6BDD-B1CD-4441-AB38-08FC4AA966D0}.Debug|x86.ActiveCfg = Debug|Win32
		{33DD6BDD-B1CD-4441-AB38-08FC4AA966D0}.Debug|x86.Build.0 = Debug|Win32
		{33DD6BDD-B1CD-4441-AB38-08FC4AA966D0}.Release|ARM.ActiveCfg = Release|Win32
		{33DD6BDD-B1CD-4441-AB38-08FC4AA966D0}.Release|ARM64.ActiveCfg = Release|Win32
		{33DD6BDD-B1CD-4441-AB38-08FC4AA966D0}.Release|x64.ActiveCfg = Release|Win32
		{33DD6BDD-B1CD-4441-AB38-08FC4AA966D0}.Release|x86.ActiveCfg = Release|Win32
		{33DD6BDD-B1CD-4441-AB38-08FC4AA966D0}.Release|x86.Build.0 = Release|Win32
		{E63DF182-7DFA-49B8-BB29-3D5625215CC0}.Debug|ARM.ActiveCfg = Debug|Win32
		{E63DF182-7DFA-49B8-BB29-3D5625215CC0}.Debug|ARM64.ActiveCfg = Debug|Win32
		{E63DF182-7DFA-49B8-BB29-3D5625215CC0}.Debug|x64.ActiveCfg = Debug|Win32
		{E63DF182-7DFA-49B8-BB29-3D5625215CC0}.Debug|x86.ActiveCfg = Debug|Win32
		{E63DF182-7DFA-49B8-BB29-3D5625215CC0}.Debug|x86.Build.0 = Debug|Win32
		{E63DF182-7DFA-49B8-BB29-3D5625215CC0}.Release|ARM.ActiveCfg = Release|Win32
		{E63DF182-7DFA-49B8-BB29-3D5625215CC0}.Release|ARM64.ActiveCfg = Release|Win32
		{E63DF182-7DFA-49B8-BB29-3D5625215CC0}.Release|x64.ActiveCfg = Release|Win32
		{E63DF182-7DFA-49B8-BB29-3D5625215CC0}.Release|x86.ActiveCfg = Release|Win32
		{E63DF182-7DFA-49B8-BB29-3D5625215CC0}.Release|x86.Build.0 = Release|Win32
	EndGlobalSection
	GlobalSection(SolutionProperties) = preSolution
		HideSolutionNode = FALSE
	EndGlobalSection
	GlobalSection(ExtensibilityGlobals) = postSolution
		SolutionGuid = {1280FE80-EF15-4109-9EBC-24A4309B77EB}
	EndGlobalSection
EndGlobal
