
Microsoft Visual Studio Solution File, Format Version 12.00
# Visual Studio Version 16
VisualStudioVersion = 16.0.29519.87
MinimumVisualStudioVersion = 10.0.40219.1
Project("{8BC9CEB8-8B4A-11D0-8D11-00A0C91BC942}") = "FirstArduinoProject", "FirstArduinoProject\FirstArduinoProject.vcxproj", "{C5F80730-F44F-4478-BDAE-6634EFC2CA88}"
EndProject
Project("{8BC9CEB8-8B4A-11D0-8D11-00A0C91BC942}") = "ArduinoBluetoothCmdTests", "..\ArduinoBluetoothCmdTests\ArduinoBluetoothCmdTests.vcxproj", "{372A959C-0EFE-43D0-8E80-D07B36D76AF6}"
EndProject
Project("{8BC9CEB8-8B4A-11D0-8D11-00A0C91BC942}") = "ArduinoBluetoothDataTests", "..\ArduinoBluetoothDataTests\ArduinoBluetoothDataTests.vcxproj", "{29A56A4B-51C9-49DE-8D95-B4B9E8544ADB}"
EndProject
Project("{8BC9CEB8-8B4A-11D0-8D11-00A0C91BC942}") = "ArduinoTestCTCModeTimerBlink", "..\ArduinoTestCTCModeTimerBlink\ArduinoTestCTCModeTimerBlink.vcxproj", "{4C7584AD-8D92-4C94-9C29-A324597A912C}"
EndProject
Project("{8BC9CEB8-8B4A-11D0-8D11-00A0C91BC942}") = "ArduinoTestTimerOverflowInterupt", "..\ArduinoTestTimerOverflowInterupt\ArduinoTestTimerOverflowInterupt.vcxproj", "{6AE5BA43-8FBE-4E0A-AB40-60C405E391AB}"
EndProject
Project("{8BC9CEB8-8B4A-11D0-8D11-00A0C91BC942}") = "ArduinoTestEncodeExample", "..\ArduinoTestEncodeExample\ArduinoTestEncodeExample.vcxproj", "{1594098B-1C1F-444B-A370-64AF7F2C0CA2}"
EndProject
Project("{8BC9CEB8-8B4A-11D0-8D11-00A0C91BC942}") = "ArduinoTestIntTaskSemSync", "..\ArduinoTestIntTaskSemSync\ArduinoTestIntTaskSemSync.vcxproj", "{CB82DBD8-EF15-4EA2-967B-B8986C0065CC}"
EndProject
Project("{8BC9CEB8-8B4A-11D0-8D11-00A0C91BC942}") = "ArduinoEthernetShieldTests", "..\ArduinoEthernetShieldTests\ArduinoEthernetShieldTests.vcxproj", "{DF73D413-A598-4108-9C43-FF4879DEDB02}"
EndProject
Project("{8BC9CEB8-8B4A-11D0-8D11-00A0C91BC942}") = "ArduinoSDCardInfo", "ArduinoSDCard\ArduinoSDCard.vcxproj", "{CB456D1F-E48F-4D2B-A12D-BF0A81CE33E4}"
EndProject
Project("{8BC9CEB8-8B4A-11D0-8D11-00A0C91BC942}") = "ArduinoSDCardReadWrite", "ArduinoSDCardReadWrite\ArduinoSDCardReadWrite.vcxproj", "{AF17D64D-12E9-4679-98BD-207F699B7D93}"
EndProject
Global
	GlobalSection(SolutionConfigurationPlatforms) = preSolution
		Debug|ARM = Debug|ARM
		Debug|ARM64 = Debug|ARM64
		Debug|x86 = Debug|x86
		Release|ARM = Release|ARM
		Release|ARM64 = Release|ARM64
		Release|x86 = Release|x86
	EndGlobalSection
	GlobalSection(ProjectConfigurationPlatforms) = postSolution
		{C5F80730-F44F-4478-BDAE-6634EFC2CA88}.Debug|ARM.ActiveCfg = Debug|Win32
		{C5F80730-F44F-4478-BDAE-6634EFC2CA88}.Debug|ARM64.ActiveCfg = Debug|Win32
		{C5F80730-F44F-4478-BDAE-6634EFC2CA88}.Debug|x86.ActiveCfg = Debug|Win32
		{C5F80730-F44F-4478-BDAE-6634EFC2CA88}.Debug|x86.Build.0 = Debug|Win32
		{C5F80730-F44F-4478-BDAE-6634EFC2CA88}.Release|ARM.ActiveCfg = Release|Win32
		{C5F80730-F44F-4478-BDAE-6634EFC2CA88}.Release|ARM64.ActiveCfg = Release|Win32
		{C5F80730-F44F-4478-BDAE-6634EFC2CA88}.Release|x86.ActiveCfg = Release|Win32
		{C5F80730-F44F-4478-BDAE-6634EFC2CA88}.Release|x86.Build.0 = Release|Win32
		{372A959C-0EFE-43D0-8E80-D07B36D76AF6}.Debug|ARM.ActiveCfg = Debug|Win32
		{372A959C-0EFE-43D0-8E80-D07B36D76AF6}.Debug|ARM64.ActiveCfg = Debug|Win32
		{372A959C-0EFE-43D0-8E80-D07B36D76AF6}.Debug|x86.ActiveCfg = Debug|Win32
		{372A959C-0EFE-43D0-8E80-D07B36D76AF6}.Debug|x86.Build.0 = Debug|Win32
		{372A959C-0EFE-43D0-8E80-D07B36D76AF6}.Release|ARM.ActiveCfg = Release|Win32
		{372A959C-0EFE-43D0-8E80-D07B36D76AF6}.Release|ARM64.ActiveCfg = Release|Win32
		{372A959C-0EFE-43D0-8E80-D07B36D76AF6}.Release|x86.ActiveCfg = Release|Win32
		{372A959C-0EFE-43D0-8E80-D07B36D76AF6}.Release|x86.Build.0 = Release|Win32
		{29A56A4B-51C9-49DE-8D95-B4B9E8544ADB}.Debug|ARM.ActiveCfg = Debug|Win32
		{29A56A4B-51C9-49DE-8D95-B4B9E8544ADB}.Debug|ARM64.ActiveCfg = Debug|Win32
		{29A56A4B-51C9-49DE-8D95-B4B9E8544ADB}.Debug|x86.ActiveCfg = Debug|Win32
		{29A56A4B-51C9-49DE-8D95-B4B9E8544ADB}.Debug|x86.Build.0 = Debug|Win32
		{29A56A4B-51C9-49DE-8D95-B4B9E8544ADB}.Release|ARM.ActiveCfg = Release|Win32
		{29A56A4B-51C9-49DE-8D95-B4B9E8544ADB}.Release|ARM64.ActiveCfg = Release|Win32
		{29A56A4B-51C9-49DE-8D95-B4B9E8544ADB}.Release|x86.ActiveCfg = Release|Win32
		{29A56A4B-51C9-49DE-8D95-B4B9E8544ADB}.Release|x86.Build.0 = Release|Win32
		{4C7584AD-8D92-4C94-9C29-A324597A912C}.Debug|ARM.ActiveCfg = Debug|Win32
		{4C7584AD-8D92-4C94-9C29-A324597A912C}.Debug|ARM64.ActiveCfg = Debug|Win32
		{4C7584AD-8D92-4C94-9C29-A324597A912C}.Debug|x86.ActiveCfg = Debug|Win32
		{4C7584AD-8D92-4C94-9C29-A324597A912C}.Debug|x86.Build.0 = Debug|Win32
		{4C7584AD-8D92-4C94-9C29-A324597A912C}.Release|ARM.ActiveCfg = Release|Win32
		{4C7584AD-8D92-4C94-9C29-A324597A912C}.Release|ARM64.ActiveCfg = Release|Win32
		{4C7584AD-8D92-4C94-9C29-A324597A912C}.Release|x86.ActiveCfg = Release|Win32
		{4C7584AD-8D92-4C94-9C29-A324597A912C}.Release|x86.Build.0 = Release|Win32
		{6AE5BA43-8FBE-4E0A-AB40-60C405E391AB}.Debug|ARM.ActiveCfg = Debug|Win32
		{6AE5BA43-8FBE-4E0A-AB40-60C405E391AB}.Debug|ARM64.ActiveCfg = Debug|Win32
		{6AE5BA43-8FBE-4E0A-AB40-60C405E391AB}.Debug|x86.ActiveCfg = Debug|Win32
		{6AE5BA43-8FBE-4E0A-AB40-60C405E391AB}.Debug|x86.Build.0 = Debug|Win32
		{6AE5BA43-8FBE-4E0A-AB40-60C405E391AB}.Release|ARM.ActiveCfg = Release|Win32
		{6AE5BA43-8FBE-4E0A-AB40-60C405E391AB}.Release|ARM64.ActiveCfg = Release|Win32
		{6AE5BA43-8FBE-4E0A-AB40-60C405E391AB}.Release|x86.ActiveCfg = Release|Win32
		{6AE5BA43-8FBE-4E0A-AB40-60C405E391AB}.Release|x86.Build.0 = Release|Win32
		{1594098B-1C1F-444B-A370-64AF7F2C0CA2}.Debug|ARM.ActiveCfg = Debug|Win32
		{1594098B-1C1F-444B-A370-64AF7F2C0CA2}.Debug|ARM64.ActiveCfg = Debug|Win32
		{1594098B-1C1F-444B-A370-64AF7F2C0CA2}.Debug|x86.ActiveCfg = Debug|Win32
		{1594098B-1C1F-444B-A370-64AF7F2C0CA2}.Debug|x86.Build.0 = Debug|Win32
		{1594098B-1C1F-444B-A370-64AF7F2C0CA2}.Release|ARM.ActiveCfg = Release|Win32
		{1594098B-1C1F-444B-A370-64AF7F2C0CA2}.Release|ARM64.ActiveCfg = Release|Win32
		{1594098B-1C1F-444B-A370-64AF7F2C0CA2}.Release|x86.ActiveCfg = Release|Win32
		{1594098B-1C1F-444B-A370-64AF7F2C0CA2}.Release|x86.Build.0 = Release|Win32
		{CB82DBD8-EF15-4EA2-967B-B8986C0065CC}.Debug|ARM.ActiveCfg = Debug|Win32
		{CB82DBD8-EF15-4EA2-967B-B8986C0065CC}.Debug|ARM64.ActiveCfg = Debug|Win32
		{CB82DBD8-EF15-4EA2-967B-B8986C0065CC}.Debug|x86.ActiveCfg = Debug|Win32
		{CB82DBD8-EF15-4EA2-967B-B8986C0065CC}.Debug|x86.Build.0 = Debug|Win32
		{CB82DBD8-EF15-4EA2-967B-B8986C0065CC}.Release|ARM.ActiveCfg = Release|Win32
		{CB82DBD8-EF15-4EA2-967B-B8986C0065CC}.Release|ARM64.ActiveCfg = Release|Win32
		{CB82DBD8-EF15-4EA2-967B-B8986C0065CC}.Release|x86.ActiveCfg = Release|Win32
		{CB82DBD8-EF15-4EA2-967B-B8986C0065CC}.Release|x86.Build.0 = Release|Win32
		{DF73D413-A598-4108-9C43-FF4879DEDB02}.Debug|ARM.ActiveCfg = Debug|Win32
		{DF73D413-A598-4108-9C43-FF4879DEDB02}.Debug|ARM64.ActiveCfg = Debug|Win32
		{DF73D413-A598-4108-9C43-FF4879DEDB02}.Debug|x86.ActiveCfg = Debug|Win32
		{DF73D413-A598-4108-9C43-FF4879DEDB02}.Debug|x86.Build.0 = Debug|Win32
		{DF73D413-A598-4108-9C43-FF4879DEDB02}.Release|ARM.ActiveCfg = Release|Win32
		{DF73D413-A598-4108-9C43-FF4879DEDB02}.Release|ARM64.ActiveCfg = Release|Win32
		{DF73D413-A598-4108-9C43-FF4879DEDB02}.Release|x86.ActiveCfg = Release|Win32
		{DF73D413-A598-4108-9C43-FF4879DEDB02}.Release|x86.Build.0 = Release|Win32
		{CB456D1F-E48F-4D2B-A12D-BF0A81CE33E4}.Debug|ARM.ActiveCfg = Debug|Win32
		{CB456D1F-E48F-4D2B-A12D-BF0A81CE33E4}.Debug|ARM64.ActiveCfg = Debug|Win32
		{CB456D1F-E48F-4D2B-A12D-BF0A81CE33E4}.Debug|x86.ActiveCfg = Debug|Win32
		{CB456D1F-E48F-4D2B-A12D-BF0A81CE33E4}.Debug|x86.Build.0 = Debug|Win32
		{CB456D1F-E48F-4D2B-A12D-BF0A81CE33E4}.Release|ARM.ActiveCfg = Release|Win32
		{CB456D1F-E48F-4D2B-A12D-BF0A81CE33E4}.Release|ARM64.ActiveCfg = Release|Win32
		{CB456D1F-E48F-4D2B-A12D-BF0A81CE33E4}.Release|x86.ActiveCfg = Release|Win32
		{CB456D1F-E48F-4D2B-A12D-BF0A81CE33E4}.Release|x86.Build.0 = Release|Win32
		{AF17D64D-12E9-4679-98BD-207F699B7D93}.Debug|ARM.ActiveCfg = Debug|Win32
		{AF17D64D-12E9-4679-98BD-207F699B7D93}.Debug|ARM64.ActiveCfg = Debug|Win32
		{AF17D64D-12E9-4679-98BD-207F699B7D93}.Debug|x86.ActiveCfg = Debug|Win32
		{AF17D64D-12E9-4679-98BD-207F699B7D93}.Debug|x86.Build.0 = Debug|Win32
		{AF17D64D-12E9-4679-98BD-207F699B7D93}.Release|ARM.ActiveCfg = Release|Win32
		{AF17D64D-12E9-4679-98BD-207F699B7D93}.Release|ARM64.ActiveCfg = Release|Win32
		{AF17D64D-12E9-4679-98BD-207F699B7D93}.Release|x86.ActiveCfg = Release|Win32
		{AF17D64D-12E9-4679-98BD-207F699B7D93}.Release|x86.Build.0 = Release|Win32
	EndGlobalSection
	GlobalSection(SolutionProperties) = preSolution
		HideSolutionNode = FALSE
	EndGlobalSection
	GlobalSection(ExtensibilityGlobals) = postSolution
		SolutionGuid = {1280FE80-EF15-4109-9EBC-24A4309B77EB}
	EndGlobalSection
EndGlobal
